
Microsoft Visual Studio Solution File, Format Version 12.00
# Visual Studio Version 16
VisualStudioVersion = 16.0.30611.23
MinimumVisualStudioVersion = 10.0.40219.1
Project("{FAE04EC0-301F-11D3-BF4B-00C04F79EFBC}") = "BankEncapsulation", "BankEncapsulation\BankEncapsulation.csproj", "{5BA1C2BB-452F-4A17-B43F-EF50ECE83A54}"
EndProject
Global
	GlobalSection(SolutionConfigurationPlatforms) = preSolution
		Debug|Any CPU = Debug|Any CPU
		Release|Any CPU = Release|Any CPU
	EndGlobalSection
	GlobalSection(ProjectConfigurationPlatforms) = postSolution
		{5BA1C2BB-452F-4A17-B43F-EF50ECE83A54}.Debug|Any CPU.ActiveCfg = Debug|Any CPU
		{5BA1C2BB-452F-4A17-B43F-EF50ECE83A54}.Debug|Any CPU.Build.0 = Debug|Any CPU
		{5BA1C2BB-452F-4A17-B43F-EF50ECE83A54}.Release|Any CPU.ActiveCfg = Release|Any CPU
		{5BA1C2BB-452F-4A17-B43F-EF50ECE83A54}.Release|Any CPU.Build.0 = Release|Any CPU
	EndGlobalSection
	GlobalSection(SolutionProperties) = preSolution
		HideSolutionNode = FALSE
	EndGlobalSection
	GlobalSection(ExtensibilityGlobals) = postSolution
		SolutionGuid = {56820F0A-F5DE-47BE-8EA8-76D9A8F80204}
	EndGlobalSection
EndGlobal
